
Microsoft Visual Studio Solution File, Format Version 12.00
# Visual Studio Version 17
VisualStudioVersion = 17.5.33516.290
MinimumVisualStudioVersion = 10.0.40219.1
Project("{FAE04EC0-301F-11D3-BF4B-00C04F79EFBC}") = "Sistema PDV", "Sistema PDV.csproj", "{158E8DE4-3D32-4CF0-9A2F-E0C5379B2410}"
EndProject
Global
	GlobalSection(SolutionConfigurationPlatforms) = preSolution
		Debug|Any CPU = Debug|Any CPU
		Release|Any CPU = Release|Any CPU
	EndGlobalSection
	GlobalSection(ProjectConfigurationPlatforms) = postSolution
		{158E8DE4-3D32-4CF0-9A2F-E0C5379B2410}.Debug|Any CPU.ActiveCfg = Debug|Any CPU
		{158E8DE4-3D32-4CF0-9A2F-E0C5379B2410}.Debug|Any CPU.Build.0 = Debug|Any CPU
		{158E8DE4-3D32-4CF0-9A2F-E0C5379B2410}.Release|Any CPU.ActiveCfg = Release|Any CPU
		{158E8DE4-3D32-4CF0-9A2F-E0C5379B2410}.Release|Any CPU.Build.0 = Release|Any CPU
	EndGlobalSection
	GlobalSection(SolutionProperties) = preSolution
		HideSolutionNode = FALSE
	EndGlobalSection
	GlobalSection(ExtensibilityGlobals) = postSolution
		SolutionGuid = {6D4392BA-2A6A-492B-B19C-E7AF073F24D4}
	EndGlobalSection
EndGlobal
